
Microsoft Visual Studio Solution File, Format Version 12.00
# Visual Studio 2013
VisualStudioVersion = 12.0.40629.0
MinimumVisualStudioVersion = 10.0.40219.1
Project("{FAE04EC0-301F-11D3-BF4B-00C04F79EFBC}") = "BetClient", "BetClient\BetClient.csproj", "{75533993-B715-4891-98BA-62185947DE3E}"
EndProject
Project("{FAE04EC0-301F-11D3-BF4B-00C04F79EFBC}") = "EFData", "EFData\EFData.csproj", "{6B91321A-481B-4E8A-9E17-7FAC02D0F32F}"
EndProject
Global
	GlobalSection(SolutionConfigurationPlatforms) = preSolution
		Debug|Any CPU = Debug|Any CPU
		Release|Any CPU = Release|Any CPU
	EndGlobalSection
	GlobalSection(ProjectConfigurationPlatforms) = postSolution
		{75533993-B715-4891-98BA-62185947DE3E}.Debug|Any CPU.ActiveCfg = Debug|Any CPU
		{75533993-B715-4891-98BA-62185947DE3E}.Debug|Any CPU.Build.0 = Debug|Any CPU
		{75533993-B715-4891-98BA-62185947DE3E}.Release|Any CPU.ActiveCfg = Release|Any CPU
		{75533993-B715-4891-98BA-62185947DE3E}.Release|Any CPU.Build.0 = Release|Any CPU
		{6B91321A-481B-4E8A-9E17-7FAC02D0F32F}.Debug|Any CPU.ActiveCfg = Debug|Any CPU
		{6B91321A-481B-4E8A-9E17-7FAC02D0F32F}.Debug|Any CPU.Build.0 = Debug|Any CPU
		{6B91321A-481B-4E8A-9E17-7FAC02D0F32F}.Release|Any CPU.ActiveCfg = Release|Any CPU
		{6B91321A-481B-4E8A-9E17-7FAC02D0F32F}.Release|Any CPU.Build.0 = Release|Any CPU
	EndGlobalSection
	GlobalSection(SolutionProperties) = preSolution
		HideSolutionNode = FALSE
	EndGlobalSection
EndGlobal
